// !$*UTF8*$!
{
	archiveVersion = 1;
	classes = {
	};
	objectVersion = 55;
	objects = {

/* Begin PBXBuildFile section */
		6343E12D291F174900F12DE8 /* Shapes.swift in Sources */ = {isa = PBXBuildFile; fileRef = 6343E12C291F174900F12DE8 /* Shapes.swift */; };
		6343E12F291F175800F12DE8 /* Cards.swift in Sources */ = {isa = PBXBuildFile; fileRef = 6343E12E291F175800F12DE8 /* Cards.swift */; };
		6343E132291F1ACC00F12DE8 /* BoardGameController.swift in Sources */ = {isa = PBXBuildFile; fileRef = 6343E131291F1ACC00F12DE8 /* BoardGameController.swift */; };
		6343E134291F360100F12DE8 /* Card.swift in Sources */ = {isa = PBXBuildFile; fileRef = 6343E133291F360100F12DE8 /* Card.swift */; };
		6343E136291F5ED500F12DE8 /* Game.swift in Sources */ = {isa = PBXBuildFile; fileRef = 6343E135291F5ED500F12DE8 /* Game.swift */; };
		6343E1392921D19100F12DE8 /* CardViewFactory.swift in Sources */ = {isa = PBXBuildFile; fileRef = 6343E1382921D19100F12DE8 /* CardViewFactory.swift */; };
		636865122925F9B50087A897 /* StartViewController.swift in Sources */ = {isa = PBXBuildFile; fileRef = 636865112925F9B50087A897 /* StartViewController.swift */; };
		639440CA292A0BC100A0B87C /* ExampleSingleton.swift in Sources */ = {isa = PBXBuildFile; fileRef = 639440C9292A0BC100A0B87C /* ExampleSingleton.swift */; };
		63AAD6292913211100683B92 /* AppDelegate.swift in Sources */ = {isa = PBXBuildFile; fileRef = 63AAD6282913211100683B92 /* AppDelegate.swift */; };
		63AAD62B2913211100683B92 /* SceneDelegate.swift in Sources */ = {isa = PBXBuildFile; fileRef = 63AAD62A2913211100683B92 /* SceneDelegate.swift */; };
		63AAD6302913211100683B92 /* Main.storyboard in Resources */ = {isa = PBXBuildFile; fileRef = 63AAD62E2913211100683B92 /* Main.storyboard */; };
		63AAD6322913211200683B92 /* Assets.xcassets in Resources */ = {isa = PBXBuildFile; fileRef = 63AAD6312913211200683B92 /* Assets.xcassets */; };
		63AAD6352913211200683B92 /* LaunchScreen.storyboard in Resources */ = {isa = PBXBuildFile; fileRef = 63AAD6332913211200683B92 /* LaunchScreen.storyboard */; };
/* End PBXBuildFile section */

/* Begin PBXFileReference section */
		6343E12C291F174900F12DE8 /* Shapes.swift */ = {isa = PBXFileReference; lastKnownFileType = sourcecode.swift; path = Shapes.swift; sourceTree = "<group>"; };
		6343E12E291F175800F12DE8 /* Cards.swift */ = {isa = PBXFileReference; lastKnownFileType = sourcecode.swift; path = Cards.swift; sourceTree = "<group>"; };
		6343E131291F1ACC00F12DE8 /* BoardGameController.swift */ = {isa = PBXFileReference; lastKnownFileType = sourcecode.swift; path = BoardGameController.swift; sourceTree = "<group>"; };
		6343E133291F360100F12DE8 /* Card.swift */ = {isa = PBXFileReference; lastKnownFileType = sourcecode.swift; path = Card.swift; sourceTree = "<group>"; };
		6343E135291F5ED500F12DE8 /* Game.swift */ = {isa = PBXFileReference; lastKnownFileType = sourcecode.swift; path = Game.swift; sourceTree = "<group>"; };
		6343E1382921D19100F12DE8 /* CardViewFactory.swift */ = {isa = PBXFileReference; lastKnownFileType = sourcecode.swift; path = CardViewFactory.swift; sourceTree = "<group>"; };
		636865112925F9B50087A897 /* StartViewController.swift */ = {isa = PBXFileReference; lastKnownFileType = sourcecode.swift; path = StartViewController.swift; sourceTree = "<group>"; };
		639440C9292A0BC100A0B87C /* ExampleSingleton.swift */ = {isa = PBXFileReference; lastKnownFileType = sourcecode.swift; path = ExampleSingleton.swift; sourceTree = "<group>"; };
		63AAD6252913211100683B92 /* Cards.app */ = {isa = PBXFileReference; explicitFileType = wrapper.application; includeInIndex = 0; path = Cards.app; sourceTree = BUILT_PRODUCTS_DIR; };
		63AAD6282913211100683B92 /* AppDelegate.swift */ = {isa = PBXFileReference; lastKnownFileType = sourcecode.swift; path = AppDelegate.swift; sourceTree = "<group>"; };
		63AAD62A2913211100683B92 /* SceneDelegate.swift */ = {isa = PBXFileReference; lastKnownFileType = sourcecode.swift; path = SceneDelegate.swift; sourceTree = "<group>"; };
		63AAD62F2913211100683B92 /* Base */ = {isa = PBXFileReference; lastKnownFileType = file.storyboard; name = Base; path = Base.lproj/Main.storyboard; sourceTree = "<group>"; };
		63AAD6312913211200683B92 /* Assets.xcassets */ = {isa = PBXFileReference; lastKnownFileType = folder.assetcatalog; path = Assets.xcassets; sourceTree = "<group>"; };
		63AAD6342913211200683B92 /* Base */ = {isa = PBXFileReference; lastKnownFileType = file.storyboard; name = Base; path = Base.lproj/LaunchScreen.storyboard; sourceTree = "<group>"; };
		63AAD6362913211200683B92 /* Info.plist */ = {isa = PBXFileReference; lastKnownFileType = text.plist.xml; path = Info.plist; sourceTree = "<group>"; };
		63AAD63C2913219E00683B92 /* ViewExperiments.playground */ = {isa = PBXFileReference; lastKnownFileType = file.playground; path = ViewExperiments.playground; sourceTree = "<group>"; xcLanguageSpecificationIdentifier = xcode.lang.swift; };
/* End PBXFileReference section */

/* Begin PBXFrameworksBuildPhase section */
		63AAD6222913211100683B92 /* Frameworks */ = {
			isa = PBXFrameworksBuildPhase;
			buildActionMask = 2147483647;
			files = (
			);
			runOnlyForDeploymentPostprocessing = 0;
		};
/* End PBXFrameworksBuildPhase section */

/* Begin PBXGroup section */
		6343E129291F170100F12DE8 /* Model */ = {
			isa = PBXGroup;
			children = (
				6343E133291F360100F12DE8 /* Card.swift */,
				6343E135291F5ED500F12DE8 /* Game.swift */,
				639440C9292A0BC100A0B87C /* ExampleSingleton.swift */,
			);
			path = Model;
			sourceTree = "<group>";
		};
		6343E12A291F170900F12DE8 /* View */ = {
			isa = PBXGroup;
			children = (
				6343E130291F1A4D00F12DE8 /* Storyboards */,
				6343E12C291F174900F12DE8 /* Shapes.swift */,
				6343E12E291F175800F12DE8 /* Cards.swift */,
			);
			path = View;
			sourceTree = "<group>";
		};
		6343E12B291F171F00F12DE8 /* Controller */ = {
			isa = PBXGroup;
			children = (
				6343E131291F1ACC00F12DE8 /* BoardGameController.swift */,
				636865112925F9B50087A897 /* StartViewController.swift */,
			);
			path = Controller;
			sourceTree = "<group>";
		};
		6343E130291F1A4D00F12DE8 /* Storyboards */ = {
			isa = PBXGroup;
			children = (
				63AAD62E2913211100683B92 /* Main.storyboard */,
				63AAD6332913211200683B92 /* LaunchScreen.storyboard */,
			);
			path = Storyboards;
			sourceTree = "<group>";
		};
		6343E1372921D17700F12DE8 /* Helpers */ = {
			isa = PBXGroup;
			children = (
				6343E1382921D19100F12DE8 /* CardViewFactory.swift */,
			);
			path = Helpers;
			sourceTree = "<group>";
		};
		63AAD61C2913211100683B92 = {
			isa = PBXGroup;
			children = (
				63AAD6272913211100683B92 /* Cards */,
				63AAD6262913211100683B92 /* Products */,
			);
			sourceTree = "<group>";
		};
		63AAD6262913211100683B92 /* Products */ = {
			isa = PBXGroup;
			children = (
				63AAD6252913211100683B92 /* Cards.app */,
			);
			name = Products;
			sourceTree = "<group>";
		};
		63AAD6272913211100683B92 /* Cards */ = {
			isa = PBXGroup;
			children = (
				6343E1372921D17700F12DE8 /* Helpers */,
				6343E12B291F171F00F12DE8 /* Controller */,
				6343E12A291F170900F12DE8 /* View */,
				6343E129291F170100F12DE8 /* Model */,
				63AAD6282913211100683B92 /* AppDelegate.swift */,
				63AAD62A2913211100683B92 /* SceneDelegate.swift */,
				63AAD6312913211200683B92 /* Assets.xcassets */,
				63AAD6362913211200683B92 /* Info.plist */,
				63AAD63C2913219E00683B92 /* ViewExperiments.playground */,
			);
			path = Cards;
			sourceTree = "<group>";
		};
/* End PBXGroup section */

/* Begin PBXNativeTarget section */
		63AAD6242913211100683B92 /* Cards */ = {
			isa = PBXNativeTarget;
			buildConfigurationList = 63AAD6392913211200683B92 /* Build configuration list for PBXNativeTarget "Cards" */;
			buildPhases = (
				63AAD6212913211100683B92 /* Sources */,
				63AAD6222913211100683B92 /* Frameworks */,
				63AAD6232913211100683B92 /* Resources */,
			);
			buildRules = (
			);
			dependencies = (
			);
			name = Cards;
			productName = Cards;
			productReference = 63AAD6252913211100683B92 /* Cards.app */;
			productType = "com.apple.product-type.application";
		};
/* End PBXNativeTarget section */

/* Begin PBXProject section */
		63AAD61D2913211100683B92 /* Project object */ = {
			isa = PBXProject;
			attributes = {
				BuildIndependentTargetsInParallel = 1;
				LastSwiftUpdateCheck = 1320;
				LastUpgradeCheck = 1320;
				TargetAttributes = {
					63AAD6242913211100683B92 = {
						CreatedOnToolsVersion = 13.2.1;
					};
				};
			};
			buildConfigurationList = 63AAD6202913211100683B92 /* Build configuration list for PBXProject "Cards" */;
			compatibilityVersion = "Xcode 13.0";
			developmentRegion = en;
			hasScannedForEncodings = 0;
			knownRegions = (
				en,
				Base,
			);
			mainGroup = 63AAD61C2913211100683B92;
			productRefGroup = 63AAD6262913211100683B92 /* Products */;
			projectDirPath = "";
			projectRoot = "";
			targets = (
				63AAD6242913211100683B92 /* Cards */,
			);
		};
/* End PBXProject section */

/* Begin PBXResourcesBuildPhase section */
		63AAD6232913211100683B92 /* Resources */ = {
			isa = PBXResourcesBuildPhase;
			buildActionMask = 2147483647;
			files = (
				63AAD6352913211200683B92 /* LaunchScreen.storyboard in Resources */,
				63AAD6322913211200683B92 /* Assets.xcassets in Resources */,
				63AAD6302913211100683B92 /* Main.storyboard in Resources */,
			);
			runOnlyForDeploymentPostprocessing = 0;
		};
/* End PBXResourcesBuildPhase section */

/* Begin PBXSourcesBuildPhase section */
		63AAD6212913211100683B92 /* Sources */ = {
			isa = PBXSourcesBuildPhase;
			buildActionMask = 2147483647;
			files = (
				6343E132291F1ACC00F12DE8 /* BoardGameController.swift in Sources */,
				6343E134291F360100F12DE8 /* Card.swift in Sources */,
				639440CA292A0BC100A0B87C /* ExampleSingleton.swift in Sources */,
				6343E136291F5ED500F12DE8 /* Game.swift in Sources */,
				6343E12F291F175800F12DE8 /* Cards.swift in Sources */,
				63AAD6292913211100683B92 /* AppDelegate.swift in Sources */,
				636865122925F9B50087A897 /* StartViewController.swift in Sources */,
				6343E1392921D19100F12DE8 /* CardViewFactory.swift in Sources */,
				63AAD62B2913211100683B92 /* SceneDelegate.swift in Sources */,
				6343E12D291F174900F12DE8 /* Shapes.swift in Sources */,
			);
			runOnlyForDeploymentPostprocessing = 0;
		};
/* End PBXSourcesBuildPhase section */

/* Begin PBXVariantGroup section */
		63AAD62E2913211100683B92 /* Main.storyboard */ = {
			isa = PBXVariantGroup;
			children = (
				63AAD62F2913211100683B92 /* Base */,
			);
			name = Main.storyboard;
			sourceTree = "<group>";
		};
		63AAD6332913211200683B92 /* LaunchScreen.storyboard */ = {
			isa = PBXVariantGroup;
			children = (
				63AAD6342913211200683B92 /* Base */,
			);
			name = LaunchScreen.storyboard;
			sourceTree = "<group>";
		};
/* End PBXVariantGroup section */

/* Begin XCBuildConfiguration section */
		63AAD6372913211200683B92 /* Debug */ = {
			isa = XCBuildConfiguration;
			buildSettings = {
				ALWAYS_SEARCH_USER_PATHS = NO;
				CLANG_ANALYZER_NONNULL = YES;
				CLANG_ANALYZER_NUMBER_OBJECT_CONVERSION = YES_AGGRESSIVE;
				CLANG_CXX_LANGUAGE_STANDARD = "gnu++17";
				CLANG_CXX_LIBRARY = "libc++";
				CLANG_ENABLE_MODULES = YES;
				CLANG_ENABLE_OBJC_ARC = YES;
				CLANG_ENABLE_OBJC_WEAK = YES;
				CLANG_WARN_BLOCK_CAPTURE_AUTORELEASING = YES;
				CLANG_WARN_BOOL_CONVERSION = YES;
				CLANG_WARN_COMMA = YES;
				CLANG_WARN_CONSTANT_CONVERSION = YES;
				CLANG_WARN_DEPRECATED_OBJC_IMPLEMENTATIONS = YES;
				CLANG_WARN_DIRECT_OBJC_ISA_USAGE = YES_ERROR;
				CLANG_WARN_DOCUMENTATION_COMMENTS = YES;
				CLANG_WARN_EMPTY_BODY = YES;
				CLANG_WARN_ENUM_CONVERSION = YES;
				CLANG_WARN_INFINITE_RECURSION = YES;
				CLANG_WARN_INT_CONVERSION = YES;
				CLANG_WARN_NON_LITERAL_NULL_CONVERSION = YES;
				CLANG_WARN_OBJC_IMPLICIT_RETAIN_SELF = YES;
				CLANG_WARN_OBJC_LITERAL_CONVERSION = YES;
				CLANG_WARN_OBJC_ROOT_CLASS = YES_ERROR;
				CLANG_WARN_QUOTED_INCLUDE_IN_FRAMEWORK_HEADER = YES;
				CLANG_WARN_RANGE_LOOP_ANALYSIS = YES;
				CLANG_WARN_STRICT_PROTOTYPES = YES;
				CLANG_WARN_SUSPICIOUS_MOVE = YES;
				CLANG_WARN_UNGUARDED_AVAILABILITY = YES_AGGRESSIVE;
				CLANG_WARN_UNREACHABLE_CODE = YES;
				CLANG_WARN__DUPLICATE_METHOD_MATCH = YES;
				COPY_PHASE_STRIP = NO;
				DEBUG_INFORMATION_FORMAT = dwarf;
				ENABLE_STRICT_OBJC_MSGSEND = YES;
				ENABLE_TESTABILITY = YES;
				GCC_C_LANGUAGE_STANDARD = gnu11;
				GCC_DYNAMIC_NO_PIC = NO;
				GCC_NO_COMMON_BLOCKS = YES;
				GCC_OPTIMIZATION_LEVEL = 0;
				GCC_PREPROCESSOR_DEFINITIONS = (
					"DEBUG=1",
					"$(inherited)",
				);
				GCC_WARN_64_TO_32_BIT_CONVERSION = YES;
				GCC_WARN_ABOUT_RETURN_TYPE = YES_ERROR;
				GCC_WARN_UNDECLARED_SELECTOR = YES;
				GCC_WARN_UNINITIALIZED_AUTOS = YES_AGGRESSIVE;
				GCC_WARN_UNUSED_FUNCTION = YES;
				GCC_WARN_UNUSED_VARIABLE = YES;
				IPHONEOS_DEPLOYMENT_TARGET = 15.2;
				MTL_ENABLE_DEBUG_INFO = INCLUDE_SOURCE;
				MTL_FAST_MATH = YES;
				ONLY_ACTIVE_ARCH = YES;
				SDKROOT = iphoneos;
				SWIFT_ACTIVE_COMPILATION_CONDITIONS = DEBUG;
				SWIFT_OPTIMIZATION_LEVEL = "-Onone";
			};
			name = Debug;
		};
		63AAD6382913211200683B92 /* Release */ = {
			isa = XCBuildConfiguration;
			buildSettings = {
				ALWAYS_SEARCH_USER_PATHS = NO;
				CLANG_ANALYZER_NONNULL = YES;
				CLANG_ANALYZER_NUMBER_OBJECT_CONVERSION = YES_AGGRESSIVE;
				CLANG_CXX_LANGUAGE_STANDARD = "gnu++17";
				CLANG_CXX_LIBRARY = "libc++";
				CLANG_ENABLE_MODULES = YES;
				CLANG_ENABLE_OBJC_ARC = YES;
				CLANG_ENABLE_OBJC_WEAK = YES;
				CLANG_WARN_BLOCK_CAPTURE_AUTORELEASING = YES;
				CLANG_WARN_BOOL_CONVERSION = YES;
				CLANG_WARN_COMMA = YES;
				CLANG_WARN_CONSTANT_CONVERSION = YES;
				CLANG_WARN_DEPRECATED_OBJC_IMPLEMENTATIONS = YES;
				CLANG_WARN_DIRECT_OBJC_ISA_USAGE = YES_ERROR;
				CLANG_WARN_DOCUMENTATION_COMMENTS = YES;
				CLANG_WARN_EMPTY_BODY = YES;
				CLANG_WARN_ENUM_CONVERSION = YES;
				CLANG_WARN_INFINITE_RECURSION = YES;
				CLANG_WARN_INT_CONVERSION = YES;
				CLANG_WARN_NON_LITERAL_NULL_CONVERSION = YES;
				CLANG_WARN_OBJC_IMPLICIT_RETAIN_SELF = YES;
				CLANG_WARN_OBJC_LITERAL_CONVERSION = YES;
				CLANG_WARN_OBJC_ROOT_CLASS = YES_ERROR;
				CLANG_WARN_QUOTED_INCLUDE_IN_FRAMEWORK_HEADER = YES;
				CLANG_WARN_RANGE_LOOP_ANALYSIS = YES;
				CLANG_WARN_STRICT_PROTOTYPES = YES;
				CLANG_WARN_SUSPICIOUS_MOVE = YES;
				CLANG_WARN_UNGUARDED_AVAILABILITY = YES_AGGRESSIVE;
				CLANG_WARN_UNREACHABLE_CODE = YES;
				CLANG_WARN__DUPLICATE_METHOD_MATCH = YES;
				COPY_PHASE_STRIP = NO;
				DEBUG_INFORMATION_FORMAT = "dwarf-with-dsym";
				ENABLE_NS_ASSERTIONS = NO;
				ENABLE_STRICT_OBJC_MSGSEND = YES;
				GCC_C_LANGUAGE_STANDARD = gnu11;
				GCC_NO_COMMON_BLOCKS = YES;
				GCC_WARN_64_TO_32_BIT_CONVERSION = YES;
				GCC_WARN_ABOUT_RETURN_TYPE = YES_ERROR;
				GCC_WARN_UNDECLARED_SELECTOR = YES;
				GCC_WARN_UNINITIALIZED_AUTOS = YES_AGGRESSIVE;
				GCC_WARN_UNUSED_FUNCTION = YES;
				GCC_WARN_UNUSED_VARIABLE = YES;
				IPHONEOS_DEPLOYMENT_TARGET = 15.2;
				MTL_ENABLE_DEBUG_INFO = NO;
				MTL_FAST_MATH = YES;
				SDKROOT = iphoneos;
				SWIFT_COMPILATION_MODE = wholemodule;
				SWIFT_OPTIMIZATION_LEVEL = "-O";
				VALIDATE_PRODUCT = YES;
			};
			name = Release;
		};
		63AAD63A2913211200683B92 /* Debug */ = {
			isa = XCBuildConfiguration;
			buildSettings = {
				ASSETCATALOG_COMPILER_APPICON_NAME = AppIcon;
				ASSETCATALOG_COMPILER_GLOBAL_ACCENT_COLOR_NAME = AccentColor;
				CODE_SIGN_STYLE = Automatic;
				CURRENT_PROJECT_VERSION = 1;
				DEVELOPMENT_TEAM = WV8ZN37WK4;
				GENERATE_INFOPLIST_FILE = YES;
				INFOPLIST_FILE = Cards/Info.plist;
				INFOPLIST_KEY_UIApplicationSupportsIndirectInputEvents = YES;
				INFOPLIST_KEY_UILaunchStoryboardName = LaunchScreen;
				INFOPLIST_KEY_UIMainStoryboardFile = Main;
				INFOPLIST_KEY_UISupportedInterfaceOrientations_iPad = "UIInterfaceOrientationPortrait UIInterfaceOrientationPortraitUpsideDown UIInterfaceOrientationLandscapeLeft UIInterfaceOrientationLandscapeRight";
				INFOPLIST_KEY_UISupportedInterfaceOrientations_iPhone = "UIInterfaceOrientationPortrait UIInterfaceOrientationLandscapeLeft UIInterfaceOrientationLandscapeRight";
				LD_RUNPATH_SEARCH_PATHS = (
					"$(inherited)",
					"@executable_path/Frameworks",
				);
				MARKETING_VERSION = 1.0;
				PRODUCT_BUNDLE_IDENTIFIER = ru.swiftme.Cards;
				PRODUCT_NAME = "$(TARGET_NAME)";
				SWIFT_EMIT_LOC_STRINGS = YES;
				SWIFT_VERSION = 5.0;
				TARGETED_DEVICE_FAMILY = 1;
			};
			name = Debug;
		};
		63AAD63B2913211200683B92 /* Release */ = {
			isa = XCBuildConfiguration;
			buildSettings = {
				ASSETCATALOG_COMPILER_APPICON_NAME = AppIcon;
				ASSETCATALOG_COMPILER_GLOBAL_ACCENT_COLOR_NAME = AccentColor;
				CODE_SIGN_STYLE = Automatic;
				CURRENT_PROJECT_VERSION = 1;
				DEVELOPMENT_TEAM = WV8ZN37WK4;
				GENERATE_INFOPLIST_FILE = YES;
				INFOPLIST_FILE = Cards/Info.plist;
				INFOPLIST_KEY_UIApplicationSupportsIndirectInputEvents = YES;
				INFOPLIST_KEY_UILaunchStoryboardName = LaunchScreen;
				INFOPLIST_KEY_UIMainStoryboardFile = Main;
				INFOPLIST_KEY_UISupportedInterfaceOrientations_iPad = "UIInterfaceOrientationPortrait UIInterfaceOrientationPortraitUpsideDown UIInterfaceOrientationLandscapeLeft UIInterfaceOrientationLandscapeRight";
				INFOPLIST_KEY_UISupportedInterfaceOrientations_iPhone = "UIInterfaceOrientationPortrait UIInterfaceOrientationLandscapeLeft UIInterfaceOrientationLandscapeRight";
				LD_RUNPATH_SEARCH_PATHS = (
					"$(inherited)",
					"@executable_path/Frameworks",
				);
				MARKETING_VERSION = 1.0;
				PRODUCT_BUNDLE_IDENTIFIER = ru.swiftme.Cards;
				PRODUCT_NAME = "$(TARGET_NAME)";
				SWIFT_EMIT_LOC_STRINGS = YES;
				SWIFT_VERSION = 5.0;
				TARGETED_DEVICE_FAMILY = 1;
			};
			name = Release;
		};
/* End XCBuildConfiguration section */

/* Begin XCConfigurationList section */
		63AAD6202913211100683B92 /* Build configuration list for PBXProject "Cards" */ = {
			isa = XCConfigurationList;
			buildConfigurations = (
				63AAD6372913211200683B92 /* Debug */,
				63AAD6382913211200683B92 /* Release */,
			);
			defaultConfigurationIsVisible = 0;
			defaultConfigurationName = Release;
		};
		63AAD6392913211200683B92 /* Build configuration list for PBXNativeTarget "Cards" */ = {
			isa = XCConfigurationList;
			buildConfigurations = (
				63AAD63A2913211200683B92 /* Debug */,
				63AAD63B2913211200683B92 /* Release */,
			);
			defaultConfigurationIsVisible = 0;
			defaultConfigurationName = Release;
		};
/* End XCConfigurationList section */
	};
	rootObject = 63AAD61D2913211100683B92 /* Project object */;
}
